
Microsoft Visual Studio Solution File, Format Version 12.00
# Visual Studio Version 16
VisualStudioVersion = 16.0.31112.23
MinimumVisualStudioVersion = 10.0.40219.1
Project("{9A19103F-16F7-4668-BE54-9A1E7A4F7556}") = "apiweb", "apiweb\apiweb.csproj", "{2279AFD7-992F-4A4B-9951-0A6AB7F65938}"
EndProject
Project("{FAE04EC0-301F-11D3-BF4B-00C04F79EFBC}") = "DriverTest", "DriverTest\DriverTest.csproj", "{E564D563-6535-4CFD-A5AC-14CE664F8C78}"
EndProject
Global
	GlobalSection(SolutionConfigurationPlatforms) = preSolution
		Debug|Any CPU = Debug|Any CPU
		Release|Any CPU = Release|Any CPU
	EndGlobalSection
	GlobalSection(ProjectConfigurationPlatforms) = postSolution
		{2279AFD7-992F-4A4B-9951-0A6AB7F65938}.Debug|Any CPU.ActiveCfg = Debug|Any CPU
		{2279AFD7-992F-4A4B-9951-0A6AB7F65938}.Debug|Any CPU.Build.0 = Debug|Any CPU
		{2279AFD7-992F-4A4B-9951-0A6AB7F65938}.Release|Any CPU.ActiveCfg = Release|Any CPU
		{2279AFD7-992F-4A4B-9951-0A6AB7F65938}.Release|Any CPU.Build.0 = Release|Any CPU
		{E564D563-6535-4CFD-A5AC-14CE664F8C78}.Debug|Any CPU.ActiveCfg = Debug|Any CPU
		{E564D563-6535-4CFD-A5AC-14CE664F8C78}.Debug|Any CPU.Build.0 = Debug|Any CPU
		{E564D563-6535-4CFD-A5AC-14CE664F8C78}.Release|Any CPU.ActiveCfg = Release|Any CPU
		{E564D563-6535-4CFD-A5AC-14CE664F8C78}.Release|Any CPU.Build.0 = Release|Any CPU
	EndGlobalSection
	GlobalSection(SolutionProperties) = preSolution
		HideSolutionNode = FALSE
	EndGlobalSection
	GlobalSection(ExtensibilityGlobals) = postSolution
		SolutionGuid = {AB3DFF92-B296-485A-9700-E4E4EF701956}
	EndGlobalSection
EndGlobal
