
Microsoft Visual Studio Solution File, Format Version 12.00
# Visual Studio Version 16
VisualStudioVersion = 16.0.31112.23
MinimumVisualStudioVersion = 10.0.40219.1
Project("{FAE04EC0-301F-11D3-BF4B-00C04F79EFBC}") = "AplicacaoEFMysql", "AplicacaoEFMysql\AplicacaoEFMysql.csproj", "{83E7AE3A-9E5E-44BE-9B92-F2E4F8387947}"
EndProject
Global
	GlobalSection(SolutionConfigurationPlatforms) = preSolution
		Debug|Any CPU = Debug|Any CPU
		Release|Any CPU = Release|Any CPU
	EndGlobalSection
	GlobalSection(ProjectConfigurationPlatforms) = postSolution
		{83E7AE3A-9E5E-44BE-9B92-F2E4F8387947}.Debug|Any CPU.ActiveCfg = Debug|Any CPU
		{83E7AE3A-9E5E-44BE-9B92-F2E4F8387947}.Debug|Any CPU.Build.0 = Debug|Any CPU
		{83E7AE3A-9E5E-44BE-9B92-F2E4F8387947}.Release|Any CPU.ActiveCfg = Release|Any CPU
		{83E7AE3A-9E5E-44BE-9B92-F2E4F8387947}.Release|Any CPU.Build.0 = Release|Any CPU
	EndGlobalSection
	GlobalSection(SolutionProperties) = preSolution
		HideSolutionNode = FALSE
	EndGlobalSection
	GlobalSection(ExtensibilityGlobals) = postSolution
		SolutionGuid = {D84947DF-52A3-44D2-B119-BE6BCE1E8366}
	EndGlobalSection
EndGlobal
